// !$*UTF8*$!
{
	archiveVersion = 1;
	classes = {
	};
	objectVersion = 55;
	objects = {

/* Begin PBXBuildFile section */
		EA0F5D7C27B9CE2F00858682 /* AppDelegate.swift in Sources */ = {isa = PBXBuildFile; fileRef = EA0F5D7B27B9CE2F00858682 /* AppDelegate.swift */; };
		EA0F5D7E27B9CE2F00858682 /* SceneDelegate.swift in Sources */ = {isa = PBXBuildFile; fileRef = EA0F5D7D27B9CE2F00858682 /* SceneDelegate.swift */; };
		EA0F5D8327B9CE2F00858682 /* Main.storyboard in Resources */ = {isa = PBXBuildFile; fileRef = EA0F5D8127B9CE2F00858682 /* Main.storyboard */; };
		EA0F5D8527B9CE3100858682 /* Assets.xcassets in Resources */ = {isa = PBXBuildFile; fileRef = EA0F5D8427B9CE3100858682 /* Assets.xcassets */; };
		EA0F5D8827B9CE3100858682 /* LaunchScreen.storyboard in Resources */ = {isa = PBXBuildFile; fileRef = EA0F5D8627B9CE3100858682 /* LaunchScreen.storyboard */; };
		EA0F5D9327B9CE3100858682 /* ListMoviesTests.swift in Sources */ = {isa = PBXBuildFile; fileRef = EA0F5D9227B9CE3100858682 /* ListMoviesTests.swift */; };
		EA0F5D9D27B9CE3100858682 /* ListMoviesUITests.swift in Sources */ = {isa = PBXBuildFile; fileRef = EA0F5D9C27B9CE3100858682 /* ListMoviesUITests.swift */; };
		EA0F5D9F27B9CE3100858682 /* ListMoviesUITestsLaunchTests.swift in Sources */ = {isa = PBXBuildFile; fileRef = EA0F5D9E27B9CE3100858682 /* ListMoviesUITestsLaunchTests.swift */; };
		EA0F5DB427B9D42700858682 /* AppCoordinator.swift in Sources */ = {isa = PBXBuildFile; fileRef = EA0F5DB327B9D42700858682 /* AppCoordinator.swift */; };
		EA0F5DB727B9D45B00858682 /* BaseCoordinator.swift in Sources */ = {isa = PBXBuildFile; fileRef = EA0F5DB627B9D45B00858682 /* BaseCoordinator.swift */; };
		EA0F5DBA27B9D4D000858682 /* ContainerViewController.swift in Sources */ = {isa = PBXBuildFile; fileRef = EA0F5DB927B9D4D000858682 /* ContainerViewController.swift */; };
		EA0F5DBC27B9D53700858682 /* BaseViewController.swift in Sources */ = {isa = PBXBuildFile; fileRef = EA0F5DBB27B9D53700858682 /* BaseViewController.swift */; };
		EA0F5DBF27B9D5B200858682 /* BaseView.swift in Sources */ = {isa = PBXBuildFile; fileRef = EA0F5DBE27B9D5B200858682 /* BaseView.swift */; };
		EA0F5DC127B9D63400858682 /* ContainerFactory.swift in Sources */ = {isa = PBXBuildFile; fileRef = EA0F5DC027B9D63400858682 /* ContainerFactory.swift */; };
		EA0F5DC427B9D67400858682 /* ContainerViewModel.swift in Sources */ = {isa = PBXBuildFile; fileRef = EA0F5DC327B9D67400858682 /* ContainerViewModel.swift */; };
		EA0F5DC727B9D6BF00858682 /* BaseViewModel.swift in Sources */ = {isa = PBXBuildFile; fileRef = EA0F5DC627B9D6BF00858682 /* BaseViewModel.swift */; };
		EA0F5DCA27B9D70C00858682 /* ViewStateSubject.swift in Sources */ = {isa = PBXBuildFile; fileRef = EA0F5DC927B9D70C00858682 /* ViewStateSubject.swift */; };
		EA0F5DCC27B9D75D00858682 /* ViewState.swift in Sources */ = {isa = PBXBuildFile; fileRef = EA0F5DCB27B9D75D00858682 /* ViewState.swift */; };
		EA0F5DCE27B9D77A00858682 /* PlaceholderViewModel.swift in Sources */ = {isa = PBXBuildFile; fileRef = EA0F5DCD27B9D77A00858682 /* PlaceholderViewModel.swift */; };
		EA0F5DD327B9DA0C00858682 /* LoadingView.swift in Sources */ = {isa = PBXBuildFile; fileRef = EA0F5DD227B9DA0C00858682 /* LoadingView.swift */; };
		EA0F5DD527B9DA3D00858682 /* ErrorView.swift in Sources */ = {isa = PBXBuildFile; fileRef = EA0F5DD427B9DA3D00858682 /* ErrorView.swift */; };
		EA0F5DD827B9DA7E00858682 /* AppButton.swift in Sources */ = {isa = PBXBuildFile; fileRef = EA0F5DD727B9DA7E00858682 /* AppButton.swift */; };
		EA0F5DDB27B9DC1E00858682 /* BaseNavigationController.swift in Sources */ = {isa = PBXBuildFile; fileRef = EA0F5DDA27B9DC1E00858682 /* BaseNavigationController.swift */; };
		EA0F5DDF27B9DD6C00858682 /* SessionManager.swift in Sources */ = {isa = PBXBuildFile; fileRef = EA0F5DDE27B9DD6C00858682 /* SessionManager.swift */; };
		EA0F5DE327B9DDE700858682 /* UserSessionDB.swift in Sources */ = {isa = PBXBuildFile; fileRef = EA0F5DE227B9DDE700858682 /* UserSessionDB.swift */; };
		EA0F5DE527B9DE0100858682 /* UserDB.swift in Sources */ = {isa = PBXBuildFile; fileRef = EA0F5DE427B9DE0100858682 /* UserDB.swift */; };
		EA0F5DE827B9DE7100858682 /* UserApi.swift in Sources */ = {isa = PBXBuildFile; fileRef = EA0F5DE727B9DE7100858682 /* UserApi.swift */; };
		EA0F5DEA27B9DF3A00858682 /* LoginCoordinator.swift in Sources */ = {isa = PBXBuildFile; fileRef = EA0F5DE927B9DF3A00858682 /* LoginCoordinator.swift */; };
		EA0F5DED27B9DFD500858682 /* UserSessionDataStore.swift in Sources */ = {isa = PBXBuildFile; fileRef = EA0F5DEC27B9DFD500858682 /* UserSessionDataStore.swift */; };
		EA0F5DEF27B9DFEC00858682 /* KeyedArchiverManager.swift in Sources */ = {isa = PBXBuildFile; fileRef = EA0F5DEE27B9DFEC00858682 /* KeyedArchiverManager.swift */; };
		EA0F5DF327B9E12000858682 /* ActionSheetViewModel.swift in Sources */ = {isa = PBXBuildFile; fileRef = EA0F5DF227B9E12000858682 /* ActionSheetViewModel.swift */; };
		EA0F5DF727B9E16800858682 /* ActionSheetViewController.swift in Sources */ = {isa = PBXBuildFile; fileRef = EA0F5DF627B9E16800858682 /* ActionSheetViewController.swift */; };
		EA0F5DFA27B9E19900858682 /* ActionSheetPresentTransitioning.swift in Sources */ = {isa = PBXBuildFile; fileRef = EA0F5DF927B9E19900858682 /* ActionSheetPresentTransitioning.swift */; };
		EA0F5DFC27B9E1A400858682 /* ActionSheetDimissTransitioning.swift in Sources */ = {isa = PBXBuildFile; fileRef = EA0F5DFB27B9E1A400858682 /* ActionSheetDimissTransitioning.swift */; };
		EA0F5DFE27B9E1AF00858682 /* ActionSheetPresentationManager.swift in Sources */ = {isa = PBXBuildFile; fileRef = EA0F5DFD27B9E1AF00858682 /* ActionSheetPresentationManager.swift */; };
		EA0F5E0127B9E25000858682 /* UIColor+CustomColors.swift in Sources */ = {isa = PBXBuildFile; fileRef = EA0F5E0027B9E25000858682 /* UIColor+CustomColors.swift */; };
		EA0F5E0427B9E35B00858682 /* ContainerRepository.swift in Sources */ = {isa = PBXBuildFile; fileRef = EA0F5E0327B9E35B00858682 /* ContainerRepository.swift */; };
		EA0F5E0627B9E38800858682 /* DefaultContainerRepository.swift in Sources */ = {isa = PBXBuildFile; fileRef = EA0F5E0527B9E38800858682 /* DefaultContainerRepository.swift */; };
		EA0F5E0927B9E3ED00858682 /* LoginViewModel.swift in Sources */ = {isa = PBXBuildFile; fileRef = EA0F5E0827B9E3ED00858682 /* LoginViewModel.swift */; };
		EA0F5E0C27B9E40400858682 /* LoginViewController.swift in Sources */ = {isa = PBXBuildFile; fileRef = EA0F5E0B27B9E40400858682 /* LoginViewController.swift */; };
		EA0F5E0E27B9E46000858682 /* LoginRepository.swift in Sources */ = {isa = PBXBuildFile; fileRef = EA0F5E0D27B9E46000858682 /* LoginRepository.swift */; };
		EA0F5E1127B9E49500858682 /* LoginModel.swift in Sources */ = {isa = PBXBuildFile; fileRef = EA0F5E1027B9E49500858682 /* LoginModel.swift */; };
		EA0F5E1327B9E4DD00858682 /* APIError.swift in Sources */ = {isa = PBXBuildFile; fileRef = EA0F5E1227B9E4DD00858682 /* APIError.swift */; };
		EA0F5E1527B9E52700858682 /* LoginFactory.swift in Sources */ = {isa = PBXBuildFile; fileRef = EA0F5E1427B9E52700858682 /* LoginFactory.swift */; };
		EA0F5E1827B9E57300858682 /* LoginView.swift in Sources */ = {isa = PBXBuildFile; fileRef = EA0F5E1727B9E57300858682 /* LoginView.swift */; };
		EA0F5E1A27B9E5C800858682 /* UIColor+RGBA.swift in Sources */ = {isa = PBXBuildFile; fileRef = EA0F5E1927B9E5C800858682 /* UIColor+RGBA.swift */; };
		EA0F5E1C27B9E68500858682 /* DefaultLoginRepository.swift in Sources */ = {isa = PBXBuildFile; fileRef = EA0F5E1B27B9E68500858682 /* DefaultLoginRepository.swift */; };
		EA0F5E1E27B9E84400858682 /* BaseTextField.swift in Sources */ = {isa = PBXBuildFile; fileRef = EA0F5E1D27B9E84400858682 /* BaseTextField.swift */; };
		EA0F5E2027B9E9CF00858682 /* PresentationHelper.swift in Sources */ = {isa = PBXBuildFile; fileRef = EA0F5E1F27B9E9CF00858682 /* PresentationHelper.swift */; };
		EA0F5E2227B9EA6600858682 /* UIViewController+Remove.swift in Sources */ = {isa = PBXBuildFile; fileRef = EA0F5E2127B9EA6600858682 /* UIViewController+Remove.swift */; };
		EA0F5E2427B9EACB00858682 /* BaseTitleLabel.swift in Sources */ = {isa = PBXBuildFile; fileRef = EA0F5E2327B9EACB00858682 /* BaseTitleLabel.swift */; };
		EA0F5E2627B9EAF200858682 /* UITextField+Appearence.swift in Sources */ = {isa = PBXBuildFile; fileRef = EA0F5E2527B9EAF200858682 /* UITextField+Appearence.swift */; };
		EA0F5E2827B9EB7300858682 /* UITextField+Publisher.swift in Sources */ = {isa = PBXBuildFile; fileRef = EA0F5E2727B9EB7300858682 /* UITextField+Publisher.swift */; };
		EA0F5E2B27B9EC5E00858682 /* IQKeyboardManagerSwift in Frameworks */ = {isa = PBXBuildFile; productRef = EA0F5E2A27B9EC5E00858682 /* IQKeyboardManagerSwift */; };
		EA0F5E2E27B9EC8500858682 /* KeyboardHandler.swift in Sources */ = {isa = PBXBuildFile; fileRef = EA0F5E2D27B9EC8500858682 /* KeyboardHandler.swift */; };
		EA0F5E3027B9ECF200858682 /* UIButton+Gradient.swift in Sources */ = {isa = PBXBuildFile; fileRef = EA0F5E2F27B9ECF200858682 /* UIButton+Gradient.swift */; };
/* End PBXBuildFile section */

/* Begin PBXContainerItemProxy section */
		EA0F5D8F27B9CE3100858682 /* PBXContainerItemProxy */ = {
			isa = PBXContainerItemProxy;
			containerPortal = EA0F5D7027B9CE2F00858682 /* Project object */;
			proxyType = 1;
			remoteGlobalIDString = EA0F5D7727B9CE2F00858682;
			remoteInfo = ListMovies;
		};
		EA0F5D9927B9CE3100858682 /* PBXContainerItemProxy */ = {
			isa = PBXContainerItemProxy;
			containerPortal = EA0F5D7027B9CE2F00858682 /* Project object */;
			proxyType = 1;
			remoteGlobalIDString = EA0F5D7727B9CE2F00858682;
			remoteInfo = ListMovies;
		};
/* End PBXContainerItemProxy section */

/* Begin PBXFileReference section */
		EA0F5D7827B9CE2F00858682 /* ListMovies.app */ = {isa = PBXFileReference; explicitFileType = wrapper.application; includeInIndex = 0; path = ListMovies.app; sourceTree = BUILT_PRODUCTS_DIR; };
		EA0F5D7B27B9CE2F00858682 /* AppDelegate.swift */ = {isa = PBXFileReference; lastKnownFileType = sourcecode.swift; path = AppDelegate.swift; sourceTree = "<group>"; };
		EA0F5D7D27B9CE2F00858682 /* SceneDelegate.swift */ = {isa = PBXFileReference; lastKnownFileType = sourcecode.swift; path = SceneDelegate.swift; sourceTree = "<group>"; };
		EA0F5D8227B9CE2F00858682 /* Base */ = {isa = PBXFileReference; lastKnownFileType = file.storyboard; name = Base; path = Base.lproj/Main.storyboard; sourceTree = "<group>"; };
		EA0F5D8427B9CE3100858682 /* Assets.xcassets */ = {isa = PBXFileReference; lastKnownFileType = folder.assetcatalog; path = Assets.xcassets; sourceTree = "<group>"; };
		EA0F5D8727B9CE3100858682 /* Base */ = {isa = PBXFileReference; lastKnownFileType = file.storyboard; name = Base; path = Base.lproj/LaunchScreen.storyboard; sourceTree = "<group>"; };
		EA0F5D8927B9CE3100858682 /* Info.plist */ = {isa = PBXFileReference; lastKnownFileType = text.plist.xml; path = Info.plist; sourceTree = "<group>"; };
		EA0F5D8E27B9CE3100858682 /* ListMoviesTests.xctest */ = {isa = PBXFileReference; explicitFileType = wrapper.cfbundle; includeInIndex = 0; path = ListMoviesTests.xctest; sourceTree = BUILT_PRODUCTS_DIR; };
		EA0F5D9227B9CE3100858682 /* ListMoviesTests.swift */ = {isa = PBXFileReference; lastKnownFileType = sourcecode.swift; path = ListMoviesTests.swift; sourceTree = "<group>"; };
		EA0F5D9827B9CE3100858682 /* ListMoviesUITests.xctest */ = {isa = PBXFileReference; explicitFileType = wrapper.cfbundle; includeInIndex = 0; path = ListMoviesUITests.xctest; sourceTree = BUILT_PRODUCTS_DIR; };
		EA0F5D9C27B9CE3100858682 /* ListMoviesUITests.swift */ = {isa = PBXFileReference; lastKnownFileType = sourcecode.swift; path = ListMoviesUITests.swift; sourceTree = "<group>"; };
		EA0F5D9E27B9CE3100858682 /* ListMoviesUITestsLaunchTests.swift */ = {isa = PBXFileReference; lastKnownFileType = sourcecode.swift; path = ListMoviesUITestsLaunchTests.swift; sourceTree = "<group>"; };
		EA0F5DB327B9D42700858682 /* AppCoordinator.swift */ = {isa = PBXFileReference; lastKnownFileType = sourcecode.swift; path = AppCoordinator.swift; sourceTree = "<group>"; };
		EA0F5DB627B9D45B00858682 /* BaseCoordinator.swift */ = {isa = PBXFileReference; lastKnownFileType = sourcecode.swift; path = BaseCoordinator.swift; sourceTree = "<group>"; };
		EA0F5DB927B9D4D000858682 /* ContainerViewController.swift */ = {isa = PBXFileReference; lastKnownFileType = sourcecode.swift; path = ContainerViewController.swift; sourceTree = "<group>"; };
		EA0F5DBB27B9D53700858682 /* BaseViewController.swift */ = {isa = PBXFileReference; lastKnownFileType = sourcecode.swift; path = BaseViewController.swift; sourceTree = "<group>"; };
		EA0F5DBE27B9D5B200858682 /* BaseView.swift */ = {isa = PBXFileReference; lastKnownFileType = sourcecode.swift; path = BaseView.swift; sourceTree = "<group>"; };
		EA0F5DC027B9D63400858682 /* ContainerFactory.swift */ = {isa = PBXFileReference; lastKnownFileType = sourcecode.swift; path = ContainerFactory.swift; sourceTree = "<group>"; };
		EA0F5DC327B9D67400858682 /* ContainerViewModel.swift */ = {isa = PBXFileReference; lastKnownFileType = sourcecode.swift; path = ContainerViewModel.swift; sourceTree = "<group>"; };
		EA0F5DC627B9D6BF00858682 /* BaseViewModel.swift */ = {isa = PBXFileReference; lastKnownFileType = sourcecode.swift; path = BaseViewModel.swift; sourceTree = "<group>"; };
		EA0F5DC927B9D70C00858682 /* ViewStateSubject.swift */ = {isa = PBXFileReference; lastKnownFileType = sourcecode.swift; path = ViewStateSubject.swift; sourceTree = "<group>"; };
		EA0F5DCB27B9D75D00858682 /* ViewState.swift */ = {isa = PBXFileReference; lastKnownFileType = sourcecode.swift; path = ViewState.swift; sourceTree = "<group>"; };
		EA0F5DCD27B9D77A00858682 /* PlaceholderViewModel.swift */ = {isa = PBXFileReference; lastKnownFileType = sourcecode.swift; path = PlaceholderViewModel.swift; sourceTree = "<group>"; };
		EA0F5DD227B9DA0C00858682 /* LoadingView.swift */ = {isa = PBXFileReference; lastKnownFileType = sourcecode.swift; path = LoadingView.swift; sourceTree = "<group>"; };
		EA0F5DD427B9DA3D00858682 /* ErrorView.swift */ = {isa = PBXFileReference; lastKnownFileType = sourcecode.swift; path = ErrorView.swift; sourceTree = "<group>"; };
		EA0F5DD727B9DA7E00858682 /* AppButton.swift */ = {isa = PBXFileReference; lastKnownFileType = sourcecode.swift; path = AppButton.swift; sourceTree = "<group>"; };
		EA0F5DDA27B9DC1E00858682 /* BaseNavigationController.swift */ = {isa = PBXFileReference; lastKnownFileType = sourcecode.swift; path = BaseNavigationController.swift; sourceTree = "<group>"; };
		EA0F5DDE27B9DD6C00858682 /* SessionManager.swift */ = {isa = PBXFileReference; lastKnownFileType = sourcecode.swift; path = SessionManager.swift; sourceTree = "<group>"; };
		EA0F5DE227B9DDE700858682 /* UserSessionDB.swift */ = {isa = PBXFileReference; lastKnownFileType = sourcecode.swift; path = UserSessionDB.swift; sourceTree = "<group>"; };
		EA0F5DE427B9DE0100858682 /* UserDB.swift */ = {isa = PBXFileReference; lastKnownFileType = sourcecode.swift; path = UserDB.swift; sourceTree = "<group>"; };
		EA0F5DE727B9DE7100858682 /* UserApi.swift */ = {isa = PBXFileReference; lastKnownFileType = sourcecode.swift; path = UserApi.swift; sourceTree = "<group>"; };
		EA0F5DE927B9DF3A00858682 /* LoginCoordinator.swift */ = {isa = PBXFileReference; lastKnownFileType = sourcecode.swift; path = LoginCoordinator.swift; sourceTree = "<group>"; };
		EA0F5DEC27B9DFD500858682 /* UserSessionDataStore.swift */ = {isa = PBXFileReference; lastKnownFileType = sourcecode.swift; path = UserSessionDataStore.swift; sourceTree = "<group>"; };
		EA0F5DEE27B9DFEC00858682 /* KeyedArchiverManager.swift */ = {isa = PBXFileReference; lastKnownFileType = sourcecode.swift; path = KeyedArchiverManager.swift; sourceTree = "<group>"; };
		EA0F5DF227B9E12000858682 /* ActionSheetViewModel.swift */ = {isa = PBXFileReference; lastKnownFileType = sourcecode.swift; path = ActionSheetViewModel.swift; sourceTree = "<group>"; };
		EA0F5DF627B9E16800858682 /* ActionSheetViewController.swift */ = {isa = PBXFileReference; lastKnownFileType = sourcecode.swift; path = ActionSheetViewController.swift; sourceTree = "<group>"; };
		EA0F5DF927B9E19900858682 /* ActionSheetPresentTransitioning.swift */ = {isa = PBXFileReference; lastKnownFileType = sourcecode.swift; path = ActionSheetPresentTransitioning.swift; sourceTree = "<group>"; };
		EA0F5DFB27B9E1A400858682 /* ActionSheetDimissTransitioning.swift */ = {isa = PBXFileReference; lastKnownFileType = sourcecode.swift; path = ActionSheetDimissTransitioning.swift; sourceTree = "<group>"; };
		EA0F5DFD27B9E1AF00858682 /* ActionSheetPresentationManager.swift */ = {isa = PBXFileReference; lastKnownFileType = sourcecode.swift; path = ActionSheetPresentationManager.swift; sourceTree = "<group>"; };
		EA0F5E0027B9E25000858682 /* UIColor+CustomColors.swift */ = {isa = PBXFileReference; lastKnownFileType = sourcecode.swift; path = "UIColor+CustomColors.swift"; sourceTree = "<group>"; };
		EA0F5E0327B9E35B00858682 /* ContainerRepository.swift */ = {isa = PBXFileReference; lastKnownFileType = sourcecode.swift; path = ContainerRepository.swift; sourceTree = "<group>"; };
		EA0F5E0527B9E38800858682 /* DefaultContainerRepository.swift */ = {isa = PBXFileReference; lastKnownFileType = sourcecode.swift; path = DefaultContainerRepository.swift; sourceTree = "<group>"; };
		EA0F5E0827B9E3ED00858682 /* LoginViewModel.swift */ = {isa = PBXFileReference; lastKnownFileType = sourcecode.swift; path = LoginViewModel.swift; sourceTree = "<group>"; };
		EA0F5E0B27B9E40400858682 /* LoginViewController.swift */ = {isa = PBXFileReference; lastKnownFileType = sourcecode.swift; path = LoginViewController.swift; sourceTree = "<group>"; };
		EA0F5E0D27B9E46000858682 /* LoginRepository.swift */ = {isa = PBXFileReference; lastKnownFileType = sourcecode.swift; path = LoginRepository.swift; sourceTree = "<group>"; };
		EA0F5E1027B9E49500858682 /* LoginModel.swift */ = {isa = PBXFileReference; lastKnownFileType = sourcecode.swift; path = LoginModel.swift; sourceTree = "<group>"; };
		EA0F5E1227B9E4DD00858682 /* APIError.swift */ = {isa = PBXFileReference; lastKnownFileType = sourcecode.swift; path = APIError.swift; sourceTree = "<group>"; };
		EA0F5E1427B9E52700858682 /* LoginFactory.swift */ = {isa = PBXFileReference; lastKnownFileType = sourcecode.swift; path = LoginFactory.swift; sourceTree = "<group>"; };
		EA0F5E1727B9E57300858682 /* LoginView.swift */ = {isa = PBXFileReference; lastKnownFileType = sourcecode.swift; path = LoginView.swift; sourceTree = "<group>"; };
		EA0F5E1927B9E5C800858682 /* UIColor+RGBA.swift */ = {isa = PBXFileReference; lastKnownFileType = sourcecode.swift; path = "UIColor+RGBA.swift"; sourceTree = "<group>"; };
		EA0F5E1B27B9E68500858682 /* DefaultLoginRepository.swift */ = {isa = PBXFileReference; lastKnownFileType = sourcecode.swift; path = DefaultLoginRepository.swift; sourceTree = "<group>"; };
		EA0F5E1D27B9E84400858682 /* BaseTextField.swift */ = {isa = PBXFileReference; lastKnownFileType = sourcecode.swift; path = BaseTextField.swift; sourceTree = "<group>"; };
		EA0F5E1F27B9E9CF00858682 /* PresentationHelper.swift */ = {isa = PBXFileReference; lastKnownFileType = sourcecode.swift; path = PresentationHelper.swift; sourceTree = "<group>"; };
		EA0F5E2127B9EA6600858682 /* UIViewController+Remove.swift */ = {isa = PBXFileReference; lastKnownFileType = sourcecode.swift; path = "UIViewController+Remove.swift"; sourceTree = "<group>"; };
		EA0F5E2327B9EACB00858682 /* BaseTitleLabel.swift */ = {isa = PBXFileReference; lastKnownFileType = sourcecode.swift; path = BaseTitleLabel.swift; sourceTree = "<group>"; };
		EA0F5E2527B9EAF200858682 /* UITextField+Appearence.swift */ = {isa = PBXFileReference; lastKnownFileType = sourcecode.swift; path = "UITextField+Appearence.swift"; sourceTree = "<group>"; };
		EA0F5E2727B9EB7300858682 /* UITextField+Publisher.swift */ = {isa = PBXFileReference; lastKnownFileType = sourcecode.swift; path = "UITextField+Publisher.swift"; sourceTree = "<group>"; };
		EA0F5E2D27B9EC8500858682 /* KeyboardHandler.swift */ = {isa = PBXFileReference; lastKnownFileType = sourcecode.swift; path = KeyboardHandler.swift; sourceTree = "<group>"; };
		EA0F5E2F27B9ECF200858682 /* UIButton+Gradient.swift */ = {isa = PBXFileReference; lastKnownFileType = sourcecode.swift; path = "UIButton+Gradient.swift"; sourceTree = "<group>"; };
/* End PBXFileReference section */

/* Begin PBXFrameworksBuildPhase section */
		EA0F5D7527B9CE2F00858682 /* Frameworks */ = {
			isa = PBXFrameworksBuildPhase;
			buildActionMask = 2147483647;
			files = (
				EA0F5E2B27B9EC5E00858682 /* IQKeyboardManagerSwift in Frameworks */,
			);
			runOnlyForDeploymentPostprocessing = 0;
		};
		EA0F5D8B27B9CE3100858682 /* Frameworks */ = {
			isa = PBXFrameworksBuildPhase;
			buildActionMask = 2147483647;
			files = (
			);
			runOnlyForDeploymentPostprocessing = 0;
		};
		EA0F5D9527B9CE3100858682 /* Frameworks */ = {
			isa = PBXFrameworksBuildPhase;
			buildActionMask = 2147483647;
			files = (
			);
			runOnlyForDeploymentPostprocessing = 0;
		};
/* End PBXFrameworksBuildPhase section */

/* Begin PBXGroup section */
		EA0F5D6F27B9CE2F00858682 = {
			isa = PBXGroup;
			children = (
				EA0F5D7A27B9CE2F00858682 /* ListMovies */,
				EA0F5D9127B9CE3100858682 /* ListMoviesTests */,
				EA0F5D9B27B9CE3100858682 /* ListMoviesUITests */,
				EA0F5D7927B9CE2F00858682 /* Products */,
			);
			sourceTree = "<group>";
		};
		EA0F5D7927B9CE2F00858682 /* Products */ = {
			isa = PBXGroup;
			children = (
				EA0F5D7827B9CE2F00858682 /* ListMovies.app */,
				EA0F5D8E27B9CE3100858682 /* ListMoviesTests.xctest */,
				EA0F5D9827B9CE3100858682 /* ListMoviesUITests.xctest */,
			);
			name = Products;
			sourceTree = "<group>";
		};
		EA0F5D7A27B9CE2F00858682 /* ListMovies */ = {
			isa = PBXGroup;
			children = (
				EA0F5DB127B9D08700858682 /* Resources */,
				EA0F5DB027B9D08000858682 /* Modules */,
				EA0F5DAF27B9D07000858682 /* Infrastructure */,
				EA0F5DAE27B9D06100858682 /* Domain */,
				EA0F5DAD27B9CFB500858682 /* Data */,
				EA0F5DAC27B9CFB000858682 /* Commom */,
				EA0F5DAB27B9CFA200858682 /* Application */,
				EA0F5D8127B9CE2F00858682 /* Main.storyboard */,
				EA0F5D8627B9CE3100858682 /* LaunchScreen.storyboard */,
			);
			path = ListMovies;
			sourceTree = "<group>";
		};
		EA0F5D9127B9CE3100858682 /* ListMoviesTests */ = {
			isa = PBXGroup;
			children = (
				EA0F5D9227B9CE3100858682 /* ListMoviesTests.swift */,
			);
			path = ListMoviesTests;
			sourceTree = "<group>";
		};
		EA0F5D9B27B9CE3100858682 /* ListMoviesUITests */ = {
			isa = PBXGroup;
			children = (
				EA0F5D9C27B9CE3100858682 /* ListMoviesUITests.swift */,
				EA0F5D9E27B9CE3100858682 /* ListMoviesUITestsLaunchTests.swift */,
			);
			path = ListMoviesUITests;
			sourceTree = "<group>";
		};
		EA0F5DAB27B9CFA200858682 /* Application */ = {
			isa = PBXGroup;
			children = (
				EA0F5D8927B9CE3100858682 /* Info.plist */,
				EA0F5D7B27B9CE2F00858682 /* AppDelegate.swift */,
				EA0F5D7D27B9CE2F00858682 /* SceneDelegate.swift */,
			);
			path = Application;
			sourceTree = "<group>";
		};
		EA0F5DAC27B9CFB000858682 /* Commom */ = {
			isa = PBXGroup;
			children = (
				EA0F5DFF27B9E23C00858682 /* Extensions */,
				EA0F5DC827B9D6FA00858682 /* Utils */,
				EA0F5DB527B9D44C00858682 /* Base */,
			);
			path = Commom;
			sourceTree = "<group>";
		};
		EA0F5DAD27B9CFB500858682 /* Data */ = {
			isa = PBXGroup;
			children = (
				EA0F5DDC27B9DCD800858682 /* Data */,
				EA0F5DCF27B9D86400858682 /* Repositories */,
			);
			path = Data;
			sourceTree = "<group>";
		};
		EA0F5DAE27B9D06100858682 /* Domain */ = {
			isa = PBXGroup;
			children = (
				EA0F5E2C27B9EC7600858682 /* Handler */,
				EA0F5E0227B9E2EE00858682 /* Interfaces */,
				EA0F5DE027B9DDD600858682 /* Entities */,
			);
			path = Domain;
			sourceTree = "<group>";
		};
		EA0F5DAF27B9D07000858682 /* Infrastructure */ = {
			isa = PBXGroup;
			children = (
			);
			path = Infrastructure;
			sourceTree = "<group>";
		};
		EA0F5DB027B9D08000858682 /* Modules */ = {
			isa = PBXGroup;
			children = (
				EA0F5DB327B9D42700858682 /* AppCoordinator.swift */,
				EA0F5DB827B9D49400858682 /* Container */,
				EA0F5DB227B9D40900858682 /* Login */,
				EA0F5DF027B9E0F700858682 /* ActionSheet */,
			);
			path = Modules;
			sourceTree = "<group>";
		};
		EA0F5DB127B9D08700858682 /* Resources */ = {
			isa = PBXGroup;
			children = (
				EA0F5D8427B9CE3100858682 /* Assets.xcassets */,
			);
			path = Resources;
			sourceTree = "<group>";
		};
		EA0F5DB227B9D40900858682 /* Login */ = {
			isa = PBXGroup;
			children = (
				EA0F5E1627B9E56600858682 /* View */,
				EA0F5E0F27B9E48300858682 /* Model */,
				EA0F5E0A27B9E3F400858682 /* Controller */,
				EA0F5E0727B9E3DD00858682 /* ViewModel */,
				EA0F5DE927B9DF3A00858682 /* LoginCoordinator.swift */,
				EA0F5E1427B9E52700858682 /* LoginFactory.swift */,
			);
			path = Login;
			sourceTree = "<group>";
		};
		EA0F5DB527B9D44C00858682 /* Base */ = {
			isa = PBXGroup;
			children = (
				EA0F5DB627B9D45B00858682 /* BaseCoordinator.swift */,
				EA0F5DBB27B9D53700858682 /* BaseViewController.swift */,
				EA0F5DBE27B9D5B200858682 /* BaseView.swift */,
				EA0F5DC627B9D6BF00858682 /* BaseViewModel.swift */,
				EA0F5DDA27B9DC1E00858682 /* BaseNavigationController.swift */,
			);
			path = Base;
			sourceTree = "<group>";
		};
		EA0F5DB827B9D49400858682 /* Container */ = {
			isa = PBXGroup;
			children = (
				EA0F5DC027B9D63400858682 /* ContainerFactory.swift */,
				EA0F5DC527B9D67700858682 /* Controller */,
				EA0F5DC227B9D66000858682 /* ViewModel */,
			);
			path = Container;
			sourceTree = "<group>";
		};
		EA0F5DC227B9D66000858682 /* ViewModel */ = {
			isa = PBXGroup;
			children = (
				EA0F5DC327B9D67400858682 /* ContainerViewModel.swift */,
			);
			path = ViewModel;
			sourceTree = "<group>";
		};
		EA0F5DC527B9D67700858682 /* Controller */ = {
			isa = PBXGroup;
			children = (
				EA0F5DB927B9D4D000858682 /* ContainerViewController.swift */,
			);
			path = Controller;
			sourceTree = "<group>";
		};
		EA0F5DC827B9D6FA00858682 /* Utils */ = {
			isa = PBXGroup;
			children = (
				EA0F5DD627B9DA6400858682 /* View */,
				EA0F5DC927B9D70C00858682 /* ViewStateSubject.swift */,
				EA0F5DCB27B9D75D00858682 /* ViewState.swift */,
				EA0F5DCD27B9D77A00858682 /* PlaceholderViewModel.swift */,
				EA0F5DD227B9DA0C00858682 /* LoadingView.swift */,
				EA0F5DD427B9DA3D00858682 /* ErrorView.swift */,
				EA0F5E1227B9E4DD00858682 /* APIError.swift */,
				EA0F5E1F27B9E9CF00858682 /* PresentationHelper.swift */,
			);
			path = Utils;
			sourceTree = "<group>";
		};
		EA0F5DCF27B9D86400858682 /* Repositories */ = {
			isa = PBXGroup;
			children = (
				EA0F5E0527B9E38800858682 /* DefaultContainerRepository.swift */,
				EA0F5E1B27B9E68500858682 /* DefaultLoginRepository.swift */,
			);
			path = Repositories;
			sourceTree = "<group>";
		};
		EA0F5DD627B9DA6400858682 /* View */ = {
			isa = PBXGroup;
			children = (
				EA0F5DD727B9DA7E00858682 /* AppButton.swift */,
				EA0F5E1D27B9E84400858682 /* BaseTextField.swift */,
				EA0F5E2327B9EACB00858682 /* BaseTitleLabel.swift */,
			);
			path = View;
			sourceTree = "<group>";
		};
		EA0F5DDC27B9DCD800858682 /* Data */ = {
			isa = PBXGroup;
			children = (
				EA0F5DDD27B9DD0400858682 /* Database */,
			);
			path = Data;
			sourceTree = "<group>";
		};
		EA0F5DDD27B9DD0400858682 /* Database */ = {
			isa = PBXGroup;
			children = (
				EA0F5DDE27B9DD6C00858682 /* SessionManager.swift */,
				EA0F5DEC27B9DFD500858682 /* UserSessionDataStore.swift */,
				EA0F5DEE27B9DFEC00858682 /* KeyedArchiverManager.swift */,
			);
			path = Database;
			sourceTree = "<group>";
		};
		EA0F5DE027B9DDD600858682 /* Entities */ = {
			isa = PBXGroup;
			children = (
				EA0F5DE627B9DE4B00858682 /* api */,
				EA0F5DE127B9DDDA00858682 /* db */,
			);
			path = Entities;
			sourceTree = "<group>";
		};
		EA0F5DE127B9DDDA00858682 /* db */ = {
			isa = PBXGroup;
			children = (
				EA0F5DE227B9DDE700858682 /* UserSessionDB.swift */,
				EA0F5DE427B9DE0100858682 /* UserDB.swift */,
			);
			path = db;
			sourceTree = "<group>";
		};
		EA0F5DE627B9DE4B00858682 /* api */ = {
			isa = PBXGroup;
			children = (
				EA0F5DE727B9DE7100858682 /* UserApi.swift */,
			);
			path = api;
			sourceTree = "<group>";
		};
		EA0F5DF027B9E0F700858682 /* ActionSheet */ = {
			isa = PBXGroup;
			children = (
				EA0F5DF827B9E18700858682 /* Animation */,
				EA0F5DF527B9E15300858682 /* Controller */,
				EA0F5DF127B9E10E00858682 /* ViewModel */,
			);
			path = ActionSheet;
			sourceTree = "<group>";
		};
		EA0F5DF127B9E10E00858682 /* ViewModel */ = {
			isa = PBXGroup;
			children = (
				EA0F5DF227B9E12000858682 /* ActionSheetViewModel.swift */,
			);
			path = ViewModel;
			sourceTree = "<group>";
		};
		EA0F5DF527B9E15300858682 /* Controller */ = {
			isa = PBXGroup;
			children = (
				EA0F5DF627B9E16800858682 /* ActionSheetViewController.swift */,
			);
			path = Controller;
			sourceTree = "<group>";
		};
		EA0F5DF827B9E18700858682 /* Animation */ = {
			isa = PBXGroup;
			children = (
				EA0F5DF927B9E19900858682 /* ActionSheetPresentTransitioning.swift */,
				EA0F5DFB27B9E1A400858682 /* ActionSheetDimissTransitioning.swift */,
				EA0F5DFD27B9E1AF00858682 /* ActionSheetPresentationManager.swift */,
			);
			path = Animation;
			sourceTree = "<group>";
		};
		EA0F5DFF27B9E23C00858682 /* Extensions */ = {
			isa = PBXGroup;
			children = (
				EA0F5E0027B9E25000858682 /* UIColor+CustomColors.swift */,
				EA0F5E1927B9E5C800858682 /* UIColor+RGBA.swift */,
				EA0F5E2127B9EA6600858682 /* UIViewController+Remove.swift */,
				EA0F5E2527B9EAF200858682 /* UITextField+Appearence.swift */,
				EA0F5E2727B9EB7300858682 /* UITextField+Publisher.swift */,
				EA0F5E2F27B9ECF200858682 /* UIButton+Gradient.swift */,
			);
			path = Extensions;
			sourceTree = "<group>";
		};
		EA0F5E0227B9E2EE00858682 /* Interfaces */ = {
			isa = PBXGroup;
			children = (
				EA0F5E0327B9E35B00858682 /* ContainerRepository.swift */,
				EA0F5E0D27B9E46000858682 /* LoginRepository.swift */,
			);
			path = Interfaces;
			sourceTree = "<group>";
		};
		EA0F5E0727B9E3DD00858682 /* ViewModel */ = {
			isa = PBXGroup;
			children = (
				EA0F5E0827B9E3ED00858682 /* LoginViewModel.swift */,
			);
			path = ViewModel;
			sourceTree = "<group>";
		};
		EA0F5E0A27B9E3F400858682 /* Controller */ = {
			isa = PBXGroup;
			children = (
				EA0F5E0B27B9E40400858682 /* LoginViewController.swift */,
			);
			path = Controller;
			sourceTree = "<group>";
		};
		EA0F5E0F27B9E48300858682 /* Model */ = {
			isa = PBXGroup;
			children = (
				EA0F5E1027B9E49500858682 /* LoginModel.swift */,
			);
			path = Model;
			sourceTree = "<group>";
		};
		EA0F5E1627B9E56600858682 /* View */ = {
			isa = PBXGroup;
			children = (
				EA0F5E1727B9E57300858682 /* LoginView.swift */,
			);
			path = View;
			sourceTree = "<group>";
		};
		EA0F5E2C27B9EC7600858682 /* Handler */ = {
			isa = PBXGroup;
			children = (
				EA0F5E2D27B9EC8500858682 /* KeyboardHandler.swift */,
			);
			path = Handler;
			sourceTree = "<group>";
		};
/* End PBXGroup section */

/* Begin PBXNativeTarget section */
		EA0F5D7727B9CE2F00858682 /* ListMovies */ = {
			isa = PBXNativeTarget;
			buildConfigurationList = EA0F5DA227B9CE3100858682 /* Build configuration list for PBXNativeTarget "ListMovies" */;
			buildPhases = (
				EA0F5E3127B9EF1A00858682 /* SwiftLint */,
				EA0F5D7427B9CE2F00858682 /* Sources */,
				EA0F5D7527B9CE2F00858682 /* Frameworks */,
				EA0F5D7627B9CE2F00858682 /* Resources */,
			);
			buildRules = (
			);
			dependencies = (
			);
			name = ListMovies;
			packageProductDependencies = (
				EA0F5E2A27B9EC5E00858682 /* IQKeyboardManagerSwift */,
			);
			productName = ListMovies;
			productReference = EA0F5D7827B9CE2F00858682 /* ListMovies.app */;
			productType = "com.apple.product-type.application";
		};
		EA0F5D8D27B9CE3100858682 /* ListMoviesTests */ = {
			isa = PBXNativeTarget;
			buildConfigurationList = EA0F5DA527B9CE3100858682 /* Build configuration list for PBXNativeTarget "ListMoviesTests" */;
			buildPhases = (
				EA0F5D8A27B9CE3100858682 /* Sources */,
				EA0F5D8B27B9CE3100858682 /* Frameworks */,
				EA0F5D8C27B9CE3100858682 /* Resources */,
			);
			buildRules = (
			);
			dependencies = (
				EA0F5D9027B9CE3100858682 /* PBXTargetDependency */,
			);
			name = ListMoviesTests;
			productName = ListMoviesTests;
			productReference = EA0F5D8E27B9CE3100858682 /* ListMoviesTests.xctest */;
			productType = "com.apple.product-type.bundle.unit-test";
		};
		EA0F5D9727B9CE3100858682 /* ListMoviesUITests */ = {
			isa = PBXNativeTarget;
			buildConfigurationList = EA0F5DA827B9CE3100858682 /* Build configuration list for PBXNativeTarget "ListMoviesUITests" */;
			buildPhases = (
				EA0F5D9427B9CE3100858682 /* Sources */,
				EA0F5D9527B9CE3100858682 /* Frameworks */,
				EA0F5D9627B9CE3100858682 /* Resources */,
			);
			buildRules = (
			);
			dependencies = (
				EA0F5D9A27B9CE3100858682 /* PBXTargetDependency */,
			);
			name = ListMoviesUITests;
			productName = ListMoviesUITests;
			productReference = EA0F5D9827B9CE3100858682 /* ListMoviesUITests.xctest */;
			productType = "com.apple.product-type.bundle.ui-testing";
		};
/* End PBXNativeTarget section */

/* Begin PBXProject section */
		EA0F5D7027B9CE2F00858682 /* Project object */ = {
			isa = PBXProject;
			attributes = {
				BuildIndependentTargetsInParallel = 1;
				LastSwiftUpdateCheck = 1320;
				LastUpgradeCheck = 1320;
				TargetAttributes = {
					EA0F5D7727B9CE2F00858682 = {
						CreatedOnToolsVersion = 13.2.1;
					};
					EA0F5D8D27B9CE3100858682 = {
						CreatedOnToolsVersion = 13.2.1;
						TestTargetID = EA0F5D7727B9CE2F00858682;
					};
					EA0F5D9727B9CE3100858682 = {
						CreatedOnToolsVersion = 13.2.1;
						TestTargetID = EA0F5D7727B9CE2F00858682;
					};
				};
			};
			buildConfigurationList = EA0F5D7327B9CE2F00858682 /* Build configuration list for PBXProject "ListMovies" */;
			compatibilityVersion = "Xcode 13.0";
			developmentRegion = en;
			hasScannedForEncodings = 0;
			knownRegions = (
				en,
				Base,
			);
			mainGroup = EA0F5D6F27B9CE2F00858682;
			packageReferences = (
				EA0F5E2927B9EC5E00858682 /* XCRemoteSwiftPackageReference "IQKeyboardManager" */,
			);
			productRefGroup = EA0F5D7927B9CE2F00858682 /* Products */;
			projectDirPath = "";
			projectRoot = "";
			targets = (
				EA0F5D7727B9CE2F00858682 /* ListMovies */,
				EA0F5D8D27B9CE3100858682 /* ListMoviesTests */,
				EA0F5D9727B9CE3100858682 /* ListMoviesUITests */,
			);
		};
/* End PBXProject section */

/* Begin PBXResourcesBuildPhase section */
		EA0F5D7627B9CE2F00858682 /* Resources */ = {
			isa = PBXResourcesBuildPhase;
			buildActionMask = 2147483647;
			files = (
				EA0F5D8827B9CE3100858682 /* LaunchScreen.storyboard in Resources */,
				EA0F5D8527B9CE3100858682 /* Assets.xcassets in Resources */,
				EA0F5D8327B9CE2F00858682 /* Main.storyboard in Resources */,
			);
			runOnlyForDeploymentPostprocessing = 0;
		};
		EA0F5D8C27B9CE3100858682 /* Resources */ = {
			isa = PBXResourcesBuildPhase;
			buildActionMask = 2147483647;
			files = (
			);
			runOnlyForDeploymentPostprocessing = 0;
		};
		EA0F5D9627B9CE3100858682 /* Resources */ = {
			isa = PBXResourcesBuildPhase;
			buildActionMask = 2147483647;
			files = (
			);
			runOnlyForDeploymentPostprocessing = 0;
		};
/* End PBXResourcesBuildPhase section */

/* Begin PBXShellScriptBuildPhase section */
		EA0F5E3127B9EF1A00858682 /* SwiftLint */ = {
			isa = PBXShellScriptBuildPhase;
			buildActionMask = 2147483647;
			files = (
			);
			inputFileListPaths = (
			);
			inputPaths = (
			);
			name = SwiftLint;
			outputFileListPaths = (
			);
			outputPaths = (
			);
			runOnlyForDeploymentPostprocessing = 0;
			shellPath = /bin/sh;
			shellScript = "export PATH=\"$PATH:/opt/homebrew/bin\"\n\nif which swiftlint >/dev/null; then\n  swiftlint autocorrect\nelse\n  echo \"warning: SwiftLint not installed, download from https://github.com/realm/SwiftLint\"\nfi\n";
		};
/* End PBXShellScriptBuildPhase section */

/* Begin PBXSourcesBuildPhase section */
		EA0F5D7427B9CE2F00858682 /* Sources */ = {
			isa = PBXSourcesBuildPhase;
			buildActionMask = 2147483647;
			files = (
				EA0F5DFE27B9E1AF00858682 /* ActionSheetPresentationManager.swift in Sources */,
				EA0F5DE827B9DE7100858682 /* UserApi.swift in Sources */,
				EA0F5DB727B9D45B00858682 /* BaseCoordinator.swift in Sources */,
				EA0F5DFA27B9E19900858682 /* ActionSheetPresentTransitioning.swift in Sources */,
				EA0F5DEF27B9DFEC00858682 /* KeyedArchiverManager.swift in Sources */,
				EA0F5DCA27B9D70C00858682 /* ViewStateSubject.swift in Sources */,
				EA0F5DF727B9E16800858682 /* ActionSheetViewController.swift in Sources */,
				EA0F5DC727B9D6BF00858682 /* BaseViewModel.swift in Sources */,
				EA0F5E0627B9E38800858682 /* DefaultContainerRepository.swift in Sources */,
				EA0F5DD827B9DA7E00858682 /* AppButton.swift in Sources */,
				EA0F5E1327B9E4DD00858682 /* APIError.swift in Sources */,
				EA0F5E0E27B9E46000858682 /* LoginRepository.swift in Sources */,
				EA0F5E0927B9E3ED00858682 /* LoginViewModel.swift in Sources */,
				EA0F5DE527B9DE0100858682 /* UserDB.swift in Sources */,
				EA0F5E2227B9EA6600858682 /* UIViewController+Remove.swift in Sources */,
				EA0F5E2E27B9EC8500858682 /* KeyboardHandler.swift in Sources */,
				EA0F5E1127B9E49500858682 /* LoginModel.swift in Sources */,
				EA0F5E0127B9E25000858682 /* UIColor+CustomColors.swift in Sources */,
				EA0F5DEA27B9DF3A00858682 /* LoginCoordinator.swift in Sources */,
				EA0F5E1A27B9E5C800858682 /* UIColor+RGBA.swift in Sources */,
				EA0F5DB427B9D42700858682 /* AppCoordinator.swift in Sources */,
				EA0F5DD527B9DA3D00858682 /* ErrorView.swift in Sources */,
				EA0F5DDB27B9DC1E00858682 /* BaseNavigationController.swift in Sources */,
				EA0F5E2027B9E9CF00858682 /* PresentationHelper.swift in Sources */,
				EA0F5E0427B9E35B00858682 /* ContainerRepository.swift in Sources */,
				EA0F5DD327B9DA0C00858682 /* LoadingView.swift in Sources */,
				EA0F5D7C27B9CE2F00858682 /* AppDelegate.swift in Sources */,
				EA0F5E1C27B9E68500858682 /* DefaultLoginRepository.swift in Sources */,
				EA0F5E2827B9EB7300858682 /* UITextField+Publisher.swift in Sources */,
				EA0F5DC127B9D63400858682 /* ContainerFactory.swift in Sources */,
				EA0F5E3027B9ECF200858682 /* UIButton+Gradient.swift in Sources */,
				EA0F5DBA27B9D4D000858682 /* ContainerViewController.swift in Sources */,
				EA0F5DCE27B9D77A00858682 /* PlaceholderViewModel.swift in Sources */,
				EA0F5DE327B9DDE700858682 /* UserSessionDB.swift in Sources */,
				EA0F5DBC27B9D53700858682 /* BaseViewController.swift in Sources */,
				EA0F5E1E27B9E84400858682 /* BaseTextField.swift in Sources */,
				EA0F5D7E27B9CE2F00858682 /* SceneDelegate.swift in Sources */,
				EA0F5DCC27B9D75D00858682 /* ViewState.swift in Sources */,
				EA0F5E2627B9EAF200858682 /* UITextField+Appearence.swift in Sources */,
				EA0F5DF327B9E12000858682 /* ActionSheetViewModel.swift in Sources */,
				EA0F5DC427B9D67400858682 /* ContainerViewModel.swift in Sources */,
				EA0F5DFC27B9E1A400858682 /* ActionSheetDimissTransitioning.swift in Sources */,
				EA0F5E2427B9EACB00858682 /* BaseTitleLabel.swift in Sources */,
				EA0F5E0C27B9E40400858682 /* LoginViewController.swift in Sources */,
				EA0F5DDF27B9DD6C00858682 /* SessionManager.swift in Sources */,
				EA0F5DED27B9DFD500858682 /* UserSessionDataStore.swift in Sources */,
				EA0F5E1827B9E57300858682 /* LoginView.swift in Sources */,
				EA0F5E1527B9E52700858682 /* LoginFactory.swift in Sources */,
				EA0F5DBF27B9D5B200858682 /* BaseView.swift in Sources */,
			);
			runOnlyForDeploymentPostprocessing = 0;
		};
		EA0F5D8A27B9CE3100858682 /* Sources */ = {
			isa = PBXSourcesBuildPhase;
			buildActionMask = 2147483647;
			files = (
				EA0F5D9327B9CE3100858682 /* ListMoviesTests.swift in Sources */,
			);
			runOnlyForDeploymentPostprocessing = 0;
		};
		EA0F5D9427B9CE3100858682 /* Sources */ = {
			isa = PBXSourcesBuildPhase;
			buildActionMask = 2147483647;
			files = (
				EA0F5D9D27B9CE3100858682 /* ListMoviesUITests.swift in Sources */,
				EA0F5D9F27B9CE3100858682 /* ListMoviesUITestsLaunchTests.swift in Sources */,
			);
			runOnlyForDeploymentPostprocessing = 0;
		};
/* End PBXSourcesBuildPhase section */

/* Begin PBXTargetDependency section */
		EA0F5D9027B9CE3100858682 /* PBXTargetDependency */ = {
			isa = PBXTargetDependency;
			target = EA0F5D7727B9CE2F00858682 /* ListMovies */;
			targetProxy = EA0F5D8F27B9CE3100858682 /* PBXContainerItemProxy */;
		};
		EA0F5D9A27B9CE3100858682 /* PBXTargetDependency */ = {
			isa = PBXTargetDependency;
			target = EA0F5D7727B9CE2F00858682 /* ListMovies */;
			targetProxy = EA0F5D9927B9CE3100858682 /* PBXContainerItemProxy */;
		};
/* End PBXTargetDependency section */

/* Begin PBXVariantGroup section */
		EA0F5D8127B9CE2F00858682 /* Main.storyboard */ = {
			isa = PBXVariantGroup;
			children = (
				EA0F5D8227B9CE2F00858682 /* Base */,
			);
			name = Main.storyboard;
			sourceTree = "<group>";
		};
		EA0F5D8627B9CE3100858682 /* LaunchScreen.storyboard */ = {
			isa = PBXVariantGroup;
			children = (
				EA0F5D8727B9CE3100858682 /* Base */,
			);
			name = LaunchScreen.storyboard;
			sourceTree = "<group>";
		};
/* End PBXVariantGroup section */

/* Begin XCBuildConfiguration section */
		EA0F5DA027B9CE3100858682 /* Debug */ = {
			isa = XCBuildConfiguration;
			buildSettings = {
				ALWAYS_SEARCH_USER_PATHS = NO;
				CLANG_ANALYZER_NONNULL = YES;
				CLANG_ANALYZER_NUMBER_OBJECT_CONVERSION = YES_AGGRESSIVE;
				CLANG_CXX_LANGUAGE_STANDARD = "gnu++17";
				CLANG_CXX_LIBRARY = "libc++";
				CLANG_ENABLE_MODULES = YES;
				CLANG_ENABLE_OBJC_ARC = YES;
				CLANG_ENABLE_OBJC_WEAK = YES;
				CLANG_WARN_BLOCK_CAPTURE_AUTORELEASING = YES;
				CLANG_WARN_BOOL_CONVERSION = YES;
				CLANG_WARN_COMMA = YES;
				CLANG_WARN_CONSTANT_CONVERSION = YES;
				CLANG_WARN_DEPRECATED_OBJC_IMPLEMENTATIONS = YES;
				CLANG_WARN_DIRECT_OBJC_ISA_USAGE = YES_ERROR;
				CLANG_WARN_DOCUMENTATION_COMMENTS = YES;
				CLANG_WARN_EMPTY_BODY = YES;
				CLANG_WARN_ENUM_CONVERSION = YES;
				CLANG_WARN_INFINITE_RECURSION = YES;
				CLANG_WARN_INT_CONVERSION = YES;
				CLANG_WARN_NON_LITERAL_NULL_CONVERSION = YES;
				CLANG_WARN_OBJC_IMPLICIT_RETAIN_SELF = YES;
				CLANG_WARN_OBJC_LITERAL_CONVERSION = YES;
				CLANG_WARN_OBJC_ROOT_CLASS = YES_ERROR;
				CLANG_WARN_QUOTED_INCLUDE_IN_FRAMEWORK_HEADER = YES;
				CLANG_WARN_RANGE_LOOP_ANALYSIS = YES;
				CLANG_WARN_STRICT_PROTOTYPES = YES;
				CLANG_WARN_SUSPICIOUS_MOVE = YES;
				CLANG_WARN_UNGUARDED_AVAILABILITY = YES_AGGRESSIVE;
				CLANG_WARN_UNREACHABLE_CODE = YES;
				CLANG_WARN__DUPLICATE_METHOD_MATCH = YES;
				COPY_PHASE_STRIP = NO;
				DEBUG_INFORMATION_FORMAT = dwarf;
				ENABLE_STRICT_OBJC_MSGSEND = YES;
				ENABLE_TESTABILITY = YES;
				GCC_C_LANGUAGE_STANDARD = gnu11;
				GCC_DYNAMIC_NO_PIC = NO;
				GCC_NO_COMMON_BLOCKS = YES;
				GCC_OPTIMIZATION_LEVEL = 0;
				GCC_PREPROCESSOR_DEFINITIONS = (
					"DEBUG=1",
					"$(inherited)",
				);
				GCC_WARN_64_TO_32_BIT_CONVERSION = YES;
				GCC_WARN_ABOUT_RETURN_TYPE = YES_ERROR;
				GCC_WARN_UNDECLARED_SELECTOR = YES;
				GCC_WARN_UNINITIALIZED_AUTOS = YES_AGGRESSIVE;
				GCC_WARN_UNUSED_FUNCTION = YES;
				GCC_WARN_UNUSED_VARIABLE = YES;
				IPHONEOS_DEPLOYMENT_TARGET = 15.2;
				MTL_ENABLE_DEBUG_INFO = INCLUDE_SOURCE;
				MTL_FAST_MATH = YES;
				ONLY_ACTIVE_ARCH = YES;
				SDKROOT = iphoneos;
				SWIFT_ACTIVE_COMPILATION_CONDITIONS = DEBUG;
				SWIFT_OPTIMIZATION_LEVEL = "-Onone";
			};
			name = Debug;
		};
		EA0F5DA127B9CE3100858682 /* Release */ = {
			isa = XCBuildConfiguration;
			buildSettings = {
				ALWAYS_SEARCH_USER_PATHS = NO;
				CLANG_ANALYZER_NONNULL = YES;
				CLANG_ANALYZER_NUMBER_OBJECT_CONVERSION = YES_AGGRESSIVE;
				CLANG_CXX_LANGUAGE_STANDARD = "gnu++17";
				CLANG_CXX_LIBRARY = "libc++";
				CLANG_ENABLE_MODULES = YES;
				CLANG_ENABLE_OBJC_ARC = YES;
				CLANG_ENABLE_OBJC_WEAK = YES;
				CLANG_WARN_BLOCK_CAPTURE_AUTORELEASING = YES;
				CLANG_WARN_BOOL_CONVERSION = YES;
				CLANG_WARN_COMMA = YES;
				CLANG_WARN_CONSTANT_CONVERSION = YES;
				CLANG_WARN_DEPRECATED_OBJC_IMPLEMENTATIONS = YES;
				CLANG_WARN_DIRECT_OBJC_ISA_USAGE = YES_ERROR;
				CLANG_WARN_DOCUMENTATION_COMMENTS = YES;
				CLANG_WARN_EMPTY_BODY = YES;
				CLANG_WARN_ENUM_CONVERSION = YES;
				CLANG_WARN_INFINITE_RECURSION = YES;
				CLANG_WARN_INT_CONVERSION = YES;
				CLANG_WARN_NON_LITERAL_NULL_CONVERSION = YES;
				CLANG_WARN_OBJC_IMPLICIT_RETAIN_SELF = YES;
				CLANG_WARN_OBJC_LITERAL_CONVERSION = YES;
				CLANG_WARN_OBJC_ROOT_CLASS = YES_ERROR;
				CLANG_WARN_QUOTED_INCLUDE_IN_FRAMEWORK_HEADER = YES;
				CLANG_WARN_RANGE_LOOP_ANALYSIS = YES;
				CLANG_WARN_STRICT_PROTOTYPES = YES;
				CLANG_WARN_SUSPICIOUS_MOVE = YES;
				CLANG_WARN_UNGUARDED_AVAILABILITY = YES_AGGRESSIVE;
				CLANG_WARN_UNREACHABLE_CODE = YES;
				CLANG_WARN__DUPLICATE_METHOD_MATCH = YES;
				COPY_PHASE_STRIP = NO;
				DEBUG_INFORMATION_FORMAT = "dwarf-with-dsym";
				ENABLE_NS_ASSERTIONS = NO;
				ENABLE_STRICT_OBJC_MSGSEND = YES;
				GCC_C_LANGUAGE_STANDARD = gnu11;
				GCC_NO_COMMON_BLOCKS = YES;
				GCC_WARN_64_TO_32_BIT_CONVERSION = YES;
				GCC_WARN_ABOUT_RETURN_TYPE = YES_ERROR;
				GCC_WARN_UNDECLARED_SELECTOR = YES;
				GCC_WARN_UNINITIALIZED_AUTOS = YES_AGGRESSIVE;
				GCC_WARN_UNUSED_FUNCTION = YES;
				GCC_WARN_UNUSED_VARIABLE = YES;
				IPHONEOS_DEPLOYMENT_TARGET = 15.2;
				MTL_ENABLE_DEBUG_INFO = NO;
				MTL_FAST_MATH = YES;
				SDKROOT = iphoneos;
				SWIFT_COMPILATION_MODE = wholemodule;
				SWIFT_OPTIMIZATION_LEVEL = "-O";
				VALIDATE_PRODUCT = YES;
			};
			name = Release;
		};
		EA0F5DA327B9CE3100858682 /* Debug */ = {
			isa = XCBuildConfiguration;
			buildSettings = {
				ASSETCATALOG_COMPILER_APPICON_NAME = AppIcon;
				ASSETCATALOG_COMPILER_GLOBAL_ACCENT_COLOR_NAME = AccentColor;
				CODE_SIGN_STYLE = Automatic;
				CURRENT_PROJECT_VERSION = 1;
				GENERATE_INFOPLIST_FILE = YES;
				INFOPLIST_FILE = ListMovies/Application/Info.plist;
				INFOPLIST_KEY_UIApplicationSupportsIndirectInputEvents = YES;
				INFOPLIST_KEY_UILaunchStoryboardName = LaunchScreen;
				INFOPLIST_KEY_UIMainStoryboardFile = Main;
				INFOPLIST_KEY_UISupportedInterfaceOrientations_iPad = "UIInterfaceOrientationPortrait UIInterfaceOrientationPortraitUpsideDown UIInterfaceOrientationLandscapeLeft UIInterfaceOrientationLandscapeRight";
				INFOPLIST_KEY_UISupportedInterfaceOrientations_iPhone = "UIInterfaceOrientationPortrait UIInterfaceOrientationLandscapeLeft UIInterfaceOrientationLandscapeRight";
				IPHONEOS_DEPLOYMENT_TARGET = 15.0;
				LD_RUNPATH_SEARCH_PATHS = (
					"$(inherited)",
					"@executable_path/Frameworks",
				);
				MARKETING_VERSION = 1.0;
				PRODUCT_BUNDLE_IDENTIFIER = com.raphael.ListMovies;
				PRODUCT_NAME = "$(TARGET_NAME)";
				SWIFT_EMIT_LOC_STRINGS = YES;
				SWIFT_VERSION = 5.0;
				TARGETED_DEVICE_FAMILY = "1,2";
			};
			name = Debug;
		};
		EA0F5DA427B9CE3100858682 /* Release */ = {
			isa = XCBuildConfiguration;
			buildSettings = {
				ASSETCATALOG_COMPILER_APPICON_NAME = AppIcon;
				ASSETCATALOG_COMPILER_GLOBAL_ACCENT_COLOR_NAME = AccentColor;
				CODE_SIGN_STYLE = Automatic;
				CURRENT_PROJECT_VERSION = 1;
				GENERATE_INFOPLIST_FILE = YES;
				INFOPLIST_FILE = ListMovies/Application/Info.plist;
				INFOPLIST_KEY_UIApplicationSupportsIndirectInputEvents = YES;
				INFOPLIST_KEY_UILaunchStoryboardName = LaunchScreen;
				INFOPLIST_KEY_UIMainStoryboardFile = Main;
				INFOPLIST_KEY_UISupportedInterfaceOrientations_iPad = "UIInterfaceOrientationPortrait UIInterfaceOrientationPortraitUpsideDown UIInterfaceOrientationLandscapeLeft UIInterfaceOrientationLandscapeRight";
				INFOPLIST_KEY_UISupportedInterfaceOrientations_iPhone = "UIInterfaceOrientationPortrait UIInterfaceOrientationLandscapeLeft UIInterfaceOrientationLandscapeRight";
				IPHONEOS_DEPLOYMENT_TARGET = 15.0;
				LD_RUNPATH_SEARCH_PATHS = (
					"$(inherited)",
					"@executable_path/Frameworks",
				);
				MARKETING_VERSION = 1.0;
				PRODUCT_BUNDLE_IDENTIFIER = com.raphael.ListMovies;
				PRODUCT_NAME = "$(TARGET_NAME)";
				SWIFT_EMIT_LOC_STRINGS = YES;
				SWIFT_VERSION = 5.0;
				TARGETED_DEVICE_FAMILY = "1,2";
			};
			name = Release;
		};
		EA0F5DA627B9CE3100858682 /* Debug */ = {
			isa = XCBuildConfiguration;
			buildSettings = {
				ALWAYS_EMBED_SWIFT_STANDARD_LIBRARIES = YES;
				BUNDLE_LOADER = "$(TEST_HOST)";
				CODE_SIGN_STYLE = Automatic;
				CURRENT_PROJECT_VERSION = 1;
				GENERATE_INFOPLIST_FILE = YES;
				IPHONEOS_DEPLOYMENT_TARGET = 15.2;
				MARKETING_VERSION = 1.0;
				PRODUCT_BUNDLE_IDENTIFIER = com.raphael.ListMoviesTests;
				PRODUCT_NAME = "$(TARGET_NAME)";
				SWIFT_EMIT_LOC_STRINGS = NO;
				SWIFT_VERSION = 5.0;
				TARGETED_DEVICE_FAMILY = "1,2";
				TEST_HOST = "$(BUILT_PRODUCTS_DIR)/ListMovies.app/ListMovies";
			};
			name = Debug;
		};
		EA0F5DA727B9CE3100858682 /* Release */ = {
			isa = XCBuildConfiguration;
			buildSettings = {
				ALWAYS_EMBED_SWIFT_STANDARD_LIBRARIES = YES;
				BUNDLE_LOADER = "$(TEST_HOST)";
				CODE_SIGN_STYLE = Automatic;
				CURRENT_PROJECT_VERSION = 1;
				GENERATE_INFOPLIST_FILE = YES;
				IPHONEOS_DEPLOYMENT_TARGET = 15.2;
				MARKETING_VERSION = 1.0;
				PRODUCT_BUNDLE_IDENTIFIER = com.raphael.ListMoviesTests;
				PRODUCT_NAME = "$(TARGET_NAME)";
				SWIFT_EMIT_LOC_STRINGS = NO;
				SWIFT_VERSION = 5.0;
				TARGETED_DEVICE_FAMILY = "1,2";
				TEST_HOST = "$(BUILT_PRODUCTS_DIR)/ListMovies.app/ListMovies";
			};
			name = Release;
		};
		EA0F5DA927B9CE3100858682 /* Debug */ = {
			isa = XCBuildConfiguration;
			buildSettings = {
				ALWAYS_EMBED_SWIFT_STANDARD_LIBRARIES = YES;
				CODE_SIGN_STYLE = Automatic;
				CURRENT_PROJECT_VERSION = 1;
				GENERATE_INFOPLIST_FILE = YES;
				MARKETING_VERSION = 1.0;
				PRODUCT_BUNDLE_IDENTIFIER = com.raphael.ListMoviesUITests;
				PRODUCT_NAME = "$(TARGET_NAME)";
				SWIFT_EMIT_LOC_STRINGS = NO;
				SWIFT_VERSION = 5.0;
				TARGETED_DEVICE_FAMILY = "1,2";
				TEST_TARGET_NAME = ListMovies;
			};
			name = Debug;
		};
		EA0F5DAA27B9CE3100858682 /* Release */ = {
			isa = XCBuildConfiguration;
			buildSettings = {
				ALWAYS_EMBED_SWIFT_STANDARD_LIBRARIES = YES;
				CODE_SIGN_STYLE = Automatic;
				CURRENT_PROJECT_VERSION = 1;
				GENERATE_INFOPLIST_FILE = YES;
				MARKETING_VERSION = 1.0;
				PRODUCT_BUNDLE_IDENTIFIER = com.raphael.ListMoviesUITests;
				PRODUCT_NAME = "$(TARGET_NAME)";
				SWIFT_EMIT_LOC_STRINGS = NO;
				SWIFT_VERSION = 5.0;
				TARGETED_DEVICE_FAMILY = "1,2";
				TEST_TARGET_NAME = ListMovies;
			};
			name = Release;
		};
/* End XCBuildConfiguration section */

/* Begin XCConfigurationList section */
		EA0F5D7327B9CE2F00858682 /* Build configuration list for PBXProject "ListMovies" */ = {
			isa = XCConfigurationList;
			buildConfigurations = (
				EA0F5DA027B9CE3100858682 /* Debug */,
				EA0F5DA127B9CE3100858682 /* Release */,
			);
			defaultConfigurationIsVisible = 0;
			defaultConfigurationName = Release;
		};
		EA0F5DA227B9CE3100858682 /* Build configuration list for PBXNativeTarget "ListMovies" */ = {
			isa = XCConfigurationList;
			buildConfigurations = (
				EA0F5DA327B9CE3100858682 /* Debug */,
				EA0F5DA427B9CE3100858682 /* Release */,
			);
			defaultConfigurationIsVisible = 0;
			defaultConfigurationName = Release;
		};
		EA0F5DA527B9CE3100858682 /* Build configuration list for PBXNativeTarget "ListMoviesTests" */ = {
			isa = XCConfigurationList;
			buildConfigurations = (
				EA0F5DA627B9CE3100858682 /* Debug */,
				EA0F5DA727B9CE3100858682 /* Release */,
			);
			defaultConfigurationIsVisible = 0;
			defaultConfigurationName = Release;
		};
		EA0F5DA827B9CE3100858682 /* Build configuration list for PBXNativeTarget "ListMoviesUITests" */ = {
			isa = XCConfigurationList;
			buildConfigurations = (
				EA0F5DA927B9CE3100858682 /* Debug */,
				EA0F5DAA27B9CE3100858682 /* Release */,
			);
			defaultConfigurationIsVisible = 0;
			defaultConfigurationName = Release;
		};
/* End XCConfigurationList section */

/* Begin XCRemoteSwiftPackageReference section */
		EA0F5E2927B9EC5E00858682 /* XCRemoteSwiftPackageReference "IQKeyboardManager" */ = {
			isa = XCRemoteSwiftPackageReference;
			repositoryURL = "https://github.com/hackiftekhar/IQKeyboardManager.git";
			requirement = {
				kind = upToNextMajorVersion;
				minimumVersion = 6.5.6;
			};
		};
/* End XCRemoteSwiftPackageReference section */

/* Begin XCSwiftPackageProductDependency section */
		EA0F5E2A27B9EC5E00858682 /* IQKeyboardManagerSwift */ = {
			isa = XCSwiftPackageProductDependency;
			package = EA0F5E2927B9EC5E00858682 /* XCRemoteSwiftPackageReference "IQKeyboardManager" */;
			productName = IQKeyboardManagerSwift;
		};
/* End XCSwiftPackageProductDependency section */
	};
	rootObject = EA0F5D7027B9CE2F00858682 /* Project object */;
}
